Microsoft Visual Studio Solution File, Format Version 12.00
# Visual Studio 2013
VisualStudioVersion = 12.0.30723.0
MinimumVisualStudioVersion = 10.0.40219.1
Project("{8BC9CEB8-8B4A-11D0-8D11-00A0C91BC942}") = "mbm", "mbm\mbm.vcxproj", "{466404AA-AAF8-42B6-8B84-96386DD7E546}"
	ProjectSection(ProjectDependencies) = postProject
		{FCA81361-C7E0-465E-8589-834D508F0A2E} = {FCA81361-C7E0-465E-8589-834D508F0A2E}
		{AC49D994-65A6-4805-B74A-14232BA3982E} = {AC49D994-65A6-4805-B74A-14232BA3982E}
		{91BA38D1-9F77-4321-9856-B99F605AD8C0} = {91BA38D1-9F77-4321-9856-B99F605AD8C0}
	EndProjectSection
EndProject
Project("{8BC9CEB8-8B4A-11D0-8D11-00A0C91BC942}") = "mb", "mb\mb.vcxproj", "{7E4112B3-EB24-49EB-86D4-FBF06810CF0E}"
	ProjectSection(ProjectDependencies) = postProject
		{FCA81361-C7E0-465E-8589-834D508F0A2E} = {FCA81361-C7E0-465E-8589-834D508F0A2E}
		{AC49D994-65A6-4805-B74A-14232BA3982E} = {AC49D994-65A6-4805-B74A-14232BA3982E}
	EndProjectSection
EndProject
Project("{8BC9CEB8-8B4A-11D0-8D11-00A0C91BC942}") = "t_md00", "t\t_md00\t_md00.vcxproj", "{DBAFE21D-B532-40D1-8816-B09D802220FB}"
	ProjectSection(ProjectDependencies) = postProject
		{91BA38D1-9F77-4321-9856-B99F605AD8C0} = {91BA38D1-9F77-4321-9856-B99F605AD8C0}
	EndProjectSection
EndProject
Project("{8BC9CEB8-8B4A-11D0-8D11-00A0C91BC942}") = "ex1", "example\ex1\ex1.vcxproj", "{6C4510CA-D4BC-4D56-B5C3-4892E0D02A5C}"
	ProjectSection(ProjectDependencies) = postProject
		{7E4112B3-EB24-49EB-86D4-FBF06810CF0E} = {7E4112B3-EB24-49EB-86D4-FBF06810CF0E}
	EndProjectSection
EndProject
Project("{8BC9CEB8-8B4A-11D0-8D11-00A0C91BC942}") = "t_pq00", "t\t_pq00\t_pq00.vcxproj", "{EDE1178E-03F1-4C37-B4CD-AE6C4F1F9CBF}"
EndProject
Project("{8BC9CEB8-8B4A-11D0-8D11-00A0C91BC942}") = "ex2", "example\ex2\ex2.vcxproj", "{148ED9FC-1540-458C-9FB6-4DAB054D13C1}"
	ProjectSection(ProjectDependencies) = postProject
		{7E4112B3-EB24-49EB-86D4-FBF06810CF0E} = {7E4112B3-EB24-49EB-86D4-FBF06810CF0E}
	EndProjectSection
EndProject
Project("{8BC9CEB8-8B4A-11D0-8D11-00A0C91BC942}") = "md", "md\md.vcxproj", "{91BA38D1-9F77-4321-9856-B99F605AD8C0}"
	ProjectSection(ProjectDependencies) = postProject
		{FCA81361-C7E0-465E-8589-834D508F0A2E} = {FCA81361-C7E0-465E-8589-834D508F0A2E}
	EndProjectSection
EndProject
Project("{2150E333-8FDC-42A3-9474-1A3956D46DE8}") = "ex", "ex", "{ECC68DE6-545A-4851-B130-714B0048B1A2}"
EndProject
Project("{2150E333-8FDC-42A3-9474-1A3956D46DE8}") = "t", "t", "{06620876-4EEC-40A3-8126-8A8B65683F30}"
EndProject
Project("{8BC9CEB8-8B4A-11D0-8D11-00A0C91BC942}") = "ex3", "example\ex3\ex3.vcxproj", "{B6072742-F204-4789-B51B-007DDB763760}"
	ProjectSection(ProjectDependencies) = postProject
		{7E4112B3-EB24-49EB-86D4-FBF06810CF0E} = {7E4112B3-EB24-49EB-86D4-FBF06810CF0E}
	EndProjectSection
EndProject
Project("{2150E333-8FDC-42A3-9474-1A3956D46DE8}") = "utils", "utils", "{DC8E2161-99D2-4B5B-9F79-0F870694CE00}"
EndProject
Project("{8BC9CEB8-8B4A-11D0-8D11-00A0C91BC942}") = "ex4", "example\ex4\ex4.vcxproj", "{62A9FB98-9E13-41FA-BDBB-A6ED0851D0B1}"
	ProjectSection(ProjectDependencies) = postProject
		{7E4112B3-EB24-49EB-86D4-FBF06810CF0E} = {7E4112B3-EB24-49EB-86D4-FBF06810CF0E}
	EndProjectSection
EndProject
Project("{2150E333-8FDC-42A3-9474-1A3956D46DE8}") = "misc", "misc", "{1B2AA3ED-9AD1-476B-B452-28BE916FF7F1}"
	ProjectSection(SolutionItems) = preProject
		csv2c.py = csv2c.py
		dump2csv.py = dump2csv.py
		common\genver.bat = common\genver.bat
		import-csv.py = import-csv.py
		todo.txt = todo.txt
	EndProjectSection
EndProject
Project("{8BC9CEB8-8B4A-11D0-8D11-00A0C91BC942}") = "ex5", "example\ex5\ex5.vcxproj", "{62A9FB9B-9E13-41FA-BBBB-A6ED0851D0B1}"
	ProjectSection(ProjectDependencies) = postProject
		{7E4112B3-EB24-49EB-86D4-FBF06810CF0E} = {7E4112B3-EB24-49EB-86D4-FBF06810CF0E}
	EndProjectSection
EndProject
Project("{8BC9CEB8-8B4A-11D0-8D11-00A0C91BC942}") = "enumstrgen", "enumstrgen\enumstrgen.vcxproj", "{FCA81361-C7E0-465E-8589-834D508F0A2E}"
EndProject
Project("{FAE04EC0-301F-11D3-BF4B-00C04F79EFBC}") = "csmb", "csmb\csmb.csproj", "{A8275902-9683-4756-83FC-069C8F6F756C}"
	ProjectSection(ProjectDependencies) = postProject
		{7E4112B3-EB24-49EB-86D4-FBF06810CF0E} = {7E4112B3-EB24-49EB-86D4-FBF06810CF0E}
	EndProjectSection
EndProject
Project("{2150E333-8FDC-42A3-9474-1A3956D46DE8}") = "Bindings", "Bindings", "{D3F27EAD-3218-4C3A-87AA-7CF7938F1611}"
EndProject
Project("{FAE04EC0-301F-11D3-BF4B-00C04F79EFBC}") = "mb_test", "example\ex_cs\mb_test.csproj", "{BD1F4E01-0F59-4281-AB54-8AC0AFF66E1D}"
EndProject
Project("{8BC9CEB8-8B4A-11D0-8D11-00A0C91BC942}") = "mcb.proto", "mcb.proto\mcb.proto.vcxproj", "{AC49D994-65A6-4805-B74A-14232BA3982E}"
EndProject
Project("{8BC9CEB8-8B4A-11D0-8D11-00A0C91BC942}") = "MessageTests", "test\MessageTests\MessageTests.vcxproj", "{657B21D8-D0EE-4F14-B597-A7E72FB84AEC}"
	ProjectSection(ProjectDependencies) = postProject
		{504C6C5C-11C2-46AD-A0F3-D1E085324BFE} = {504C6C5C-11C2-46AD-A0F3-D1E085324BFE}
		{AC49D994-65A6-4805-B74A-14232BA3982E} = {AC49D994-65A6-4805-B74A-14232BA3982E}
		{466404AA-AAF8-42B6-8B84-96386DD7E546} = {466404AA-AAF8-42B6-8B84-96386DD7E546}
		{7E4112B3-EB24-49EB-86D4-FBF06810CF0E} = {7E4112B3-EB24-49EB-86D4-FBF06810CF0E}
		{91BA38D1-9F77-4321-9856-B99F605AD8C0} = {91BA38D1-9F77-4321-9856-B99F605AD8C0}
		{A67E32FB-6062-46C0-BB78-24C3A62238A6} = {A67E32FB-6062-46C0-BB78-24C3A62238A6}
	EndProjectSection
EndProject
Project("{8BC9CEB8-8B4A-11D0-8D11-00A0C91BC942}") = "mbmLauncher", "test\mbmLauncher\mbmLauncher.vcxproj", "{504C6C5C-11C2-46AD-A0F3-D1E085324BFE}"
	ProjectSection(ProjectDependencies) = postProject
		{A67E32FB-6062-46C0-BB78-24C3A62238A6} = {A67E32FB-6062-46C0-BB78-24C3A62238A6}
	EndProjectSection
EndProject
Project("{2150E333-8FDC-42A3-9474-1A3956D46DE8}") = "Test", "Test", "{8221CDB4-3F44-4369-AA7B-55F751774D25}"
EndProject
Project("{8BC9CEB8-8B4A-11D0-8D11-00A0C91BC942}") = "NFTesting", "test\NFTesting\NFTesting.vcxproj", "{A67E32FB-6062-46C0-BB78-24C3A62238A6}"
EndProject
Project("{2150E333-8FDC-42A3-9474-1A3956D46DE8}") = "Header Files", "Header Files", "{14282374-BD6F-4AEB-BE84-EA02134C8795}"
	ProjectSection(SolutionItems) = preProject
		test\include\NFLauncherEnvironment.h = test\include\NFLauncherEnvironment.h
		test\include\NFTestCallback.h = test\include\NFTestCallback.h
		test\include\NFTesting.h = test\include\NFTesting.h
		test\include\NFTestScopeLogger.h = test\include\NFTestScopeLogger.h
		test\include\NFTestSettings.h = test\include\NFTestSettings.h
		test\include\NFTestStringUtils.h = test\include\NFTestStringUtils.h
	EndProjectSection
EndProject
Project("{FAE04EC0-301F-11D3-BF4B-00C04F79EFBC}") = "NFClient", "NFClient\NFClient.csproj", "{36C5B4A0-1A60-4CD3-9087-F6CC5FB12A6D}"
EndProject
Project("{FAE04EC0-301F-11D3-BF4B-00C04F79EFBC}") = "NFPublish", "NFPublish\NFPublish.csproj", "{966B6B53-F133-45BF-9815-5647993D3DA8}"
	ProjectSection(ProjectDependencies) = postProject
		{36C5B4A0-1A60-4CD3-9087-F6CC5FB12A6D} = {36C5B4A0-1A60-4CD3-9087-F6CC5FB12A6D}
	EndProjectSection
EndProject
Project("{FAE04EC0-301F-11D3-BF4B-00C04F79EFBC}") = "NFSubscribe", "NFSubscribe\NFSubscribe.csproj", "{D094D3A2-19EB-46EF-8C03-F02E80379F75}"
EndProject
Project("{8BC9CEB8-8B4A-11D0-8D11-00A0C91BC942}") = "dina", "utils\dina\Dina.vcxproj", "{1B8BCD8B-F3E9-4CFF-B122-BD9EFD5F9220}"
	ProjectSection(ProjectDependencies) = postProject
		{7E4112B3-EB24-49EB-86D4-FBF06810CF0E} = {7E4112B3-EB24-49EB-86D4-FBF06810CF0E}
	EndProjectSection
EndProject
Project("{8BC9CEB8-8B4A-11D0-8D11-00A0C91BC942}") = "eventlog_client (lib)", "utils\eventlog_client_lib\eventlog_client.vcxproj", "{D625D5D2-AD87-4606-8B2A-5A6967D9362A}"
	ProjectSection(ProjectDependencies) = postProject
		{7E4112B3-EB24-49EB-86D4-FBF06810CF0E} = {7E4112B3-EB24-49EB-86D4-FBF06810CF0E}
	EndProjectSection
EndProject
Project("{8BC9CEB8-8B4A-11D0-8D11-00A0C91BC942}") = "filter", "utils\filter\filter.vcxproj", "{C72BA0E2-4E4F-4D05-8FB6-DC19E661E95A}"
	ProjectSection(ProjectDependencies) = postProject
		{7E4112B3-EB24-49EB-86D4-FBF06810CF0E} = {7E4112B3-EB24-49EB-86D4-FBF06810CF0E}
	EndProjectSection
EndProject
Project("{8BC9CEB8-8B4A-11D0-8D11-00A0C91BC942}") = "logger", "utils\logger\logger.vcxproj", "{1B8DF626-3EF8-4CF7-B015-17C02632B964}"
	ProjectSection(ProjectDependencies) = postProject
		{59750314-2028-4933-9BE5-1CD947F93273} = {59750314-2028-4933-9BE5-1CD947F93273}
		{1EFDA67D-1794-4638-9855-60068D427163} = {1EFDA67D-1794-4638-9855-60068D427163}
		{7E4112B3-EB24-49EB-86D4-FBF06810CF0E} = {7E4112B3-EB24-49EB-86D4-FBF06810CF0E}
		{D625D5D2-AD87-4606-8B2A-5A6967D9362A} = {D625D5D2-AD87-4606-8B2A-5A6967D9362A}
	EndProjectSection
EndProject
Project("{8BC9CEB8-8B4A-11D0-8D11-00A0C91BC942}") = "si (server info)", "utils\si\si.vcxproj", "{C91F5F94-397F-446D-8894-0C9A8382FD89}"
	ProjectSection(ProjectDependencies) = postProject
		{7E4112B3-EB24-49EB-86D4-FBF06810CF0E} = {7E4112B3-EB24-49EB-86D4-FBF06810CF0E}
	EndProjectSection
EndProject
Project("{8BC9CEB8-8B4A-11D0-8D11-00A0C91BC942}") = "sim (simulator)", "utils\sim\sim.vcxproj", "{8ACB71FF-2451-4B76-8448-F4B1ACEFA5DE}"
	ProjectSection(ProjectDependencies) = postProject
		{7E4112B3-EB24-49EB-86D4-FBF06810CF0E} = {7E4112B3-EB24-49EB-86D4-FBF06810CF0E}
	EndProjectSection
EndProject
Project("{8BC9CEB8-8B4A-11D0-8D11-00A0C91BC942}") = "status_client (lib)", "utils\status_client_lib\status_client.vcxproj", "{59750314-2028-4933-9BE5-1CD947F93273}"
	ProjectSection(ProjectDependencies) = postProject
		{7E4112B3-EB24-49EB-86D4-FBF06810CF0E} = {7E4112B3-EB24-49EB-86D4-FBF06810CF0E}
	EndProjectSection
EndProject
Project("{8BC9CEB8-8B4A-11D0-8D11-00A0C91BC942}") = "status_monitor (lib)", "utils\status_monitor_lib\status_monitor.vcxproj", "{1EFDA67D-1794-4638-9855-60068D427163}"
	ProjectSection(ProjectDependencies) = postProject
		{7E4112B3-EB24-49EB-86D4-FBF06810CF0E} = {7E4112B3-EB24-49EB-86D4-FBF06810CF0E}
	EndProjectSection
EndProject
Project("{8BC9CEB8-8B4A-11D0-8D11-00A0C91BC942}") = "t_status", "utils\t_status_libs\t_status_lib.vcxproj", "{BFECD0E4-5E55-4FF9-A9C9-A787F6F934BC}"
	ProjectSection(ProjectDependencies) = postProject
		{59750314-2028-4933-9BE5-1CD947F93273} = {59750314-2028-4933-9BE5-1CD947F93273}
		{1EFDA67D-1794-4638-9855-60068D427163} = {1EFDA67D-1794-4638-9855-60068D427163}
		{D625D5D2-AD87-4606-8B2A-5A6967D9362A} = {D625D5D2-AD87-4606-8B2A-5A6967D9362A}
	EndProjectSection
EndProject
Global
	GlobalSection(SolutionConfigurationPlatforms) = preSolution
		Debug|Any CPU = Debug|Any CPU
		Debug|Mixed Platforms = Debug|Mixed Platforms
		Debug|Win32 = Debug|Win32
		Release|Any CPU = Release|Any CPU
		Release|Mixed Platforms = Release|Mixed Platforms
		Release|Win32 = Release|Win32
	EndGlobalSection
	GlobalSection(ProjectConfigurationPlatforms) = postSolution
		{466404AA-AAF8-42B6-8B84-96386DD7E546}.Debug|Any CPU.ActiveCfg = Debug|Win32
		{466404AA-AAF8-42B6-8B84-96386DD7E546}.Debug|Mixed Platforms.ActiveCfg = Debug|Win32
		{466404AA-AAF8-42B6-8B84-96386DD7E546}.Debug|Mixed Platforms.Build.0 = Debug|Win32
		{466404AA-AAF8-42B6-8B84-96386DD7E546}.Debug|Win32.ActiveCfg = Debug|Win32
		{466404AA-AAF8-42B6-8B84-96386DD7E546}.Debug|Win32.Build.0 = Debug|Win32
		{466404AA-AAF8-42B6-8B84-96386DD7E546}.Release|Any CPU.ActiveCfg = Release|Win32
		{466404AA-AAF8-42B6-8B84-96386DD7E546}.Release|Mixed Platforms.ActiveCfg = Release|Win32
		{466404AA-AAF8-42B6-8B84-96386DD7E546}.Release|Mixed Platforms.Build.0 = Release|Win32
		{466404AA-AAF8-42B6-8B84-96386DD7E546}.Release|Win32.ActiveCfg = Release|Win32
		{466404AA-AAF8-42B6-8B84-96386DD7E546}.Release|Win32.Build.0 = Release|Win32
		{7E4112B3-EB24-49EB-86D4-FBF06810CF0E}.Debug|Any CPU.ActiveCfg = Debug|Win32
		{7E4112B3-EB24-49EB-86D4-FBF06810CF0E}.Debug|Mixed Platforms.ActiveCfg = Debug|Win32
		{7E4112B3-EB24-49EB-86D4-FBF06810CF0E}.Debug|Mixed Platforms.Build.0 = Debug|Win32
		{7E4112B3-EB24-49EB-86D4-FBF06810CF0E}.Debug|Win32.ActiveCfg = Debug|Win32
		{7E4112B3-EB24-49EB-86D4-FBF06810CF0E}.Debug|Win32.Build.0 = Debug|Win32
		{7E4112B3-EB24-49EB-86D4-FBF06810CF0E}.Release|Any CPU.ActiveCfg = Release|Win32
		{7E4112B3-EB24-49EB-86D4-FBF06810CF0E}.Release|Mixed Platforms.ActiveCfg = Release|Win32
		{7E4112B3-EB24-49EB-86D4-FBF06810CF0E}.Release|Mixed Platforms.Build.0 = Release|Win32
		{7E4112B3-EB24-49EB-86D4-FBF06810CF0E}.Release|Win32.ActiveCfg = Release|Win32
		{7E4112B3-EB24-49EB-86D4-FBF06810CF0E}.Release|Win32.Build.0 = Release|Win32
		{DBAFE21D-B532-40D1-8816-B09D802220FB}.Debug|Any CPU.ActiveCfg = Debug|Win32
		{DBAFE21D-B532-40D1-8816-B09D802220FB}.Debug|Mixed Platforms.ActiveCfg = Debug|Win32
		{DBAFE21D-B532-40D1-8816-B09D802220FB}.Debug|Mixed Platforms.Build.0 = Debug|Win32
		{DBAFE21D-B532-40D1-8816-B09D802220FB}.Debug|Win32.ActiveCfg = Debug|Win32
		{DBAFE21D-B532-40D1-8816-B09D802220FB}.Debug|Win32.Build.0 = Debug|Win32
		{DBAFE21D-B532-40D1-8816-B09D802220FB}.Release|Any CPU.ActiveCfg = Release|Win32
		{DBAFE21D-B532-40D1-8816-B09D802220FB}.Release|Mixed Platforms.ActiveCfg = Release|Win32
		{DBAFE21D-B532-40D1-8816-B09D802220FB}.Release|Win32.ActiveCfg = Release|Win32
		{DBAFE21D-B532-40D1-8816-B09D802220FB}.Release|Win32.Build.0 = Release|Win32
		{6C4510CA-D4BC-4D56-B5C3-4892E0D02A5C}.Debug|Any CPU.ActiveCfg = Debug|Win32
		{6C4510CA-D4BC-4D56-B5C3-4892E0D02A5C}.Debug|Mixed Platforms.ActiveCfg = Debug|Win32
		{6C4510CA-D4BC-4D56-B5C3-4892E0D02A5C}.Debug|Mixed Platforms.Build.0 = Debug|Win32
		{6C4510CA-D4BC-4D56-B5C3-4892E0D02A5C}.Debug|Win32.ActiveCfg = Debug|Win32
		{6C4510CA-D4BC-4D56-B5C3-4892E0D02A5C}.Debug|Win32.Build.0 = Debug|Win32
		{6C4510CA-D4BC-4D56-B5C3-4892E0D02A5C}.Release|Any CPU.ActiveCfg = Release|Win32
		{6C4510CA-D4BC-4D56-B5C3-4892E0D02A5C}.Release|Mixed Platforms.ActiveCfg = Release|Win32
		{6C4510CA-D4BC-4D56-B5C3-4892E0D02A5C}.Release|Mixed Platforms.Build.0 = Release|Win32
		{6C4510CA-D4BC-4D56-B5C3-4892E0D02A5C}.Release|Win32.ActiveCfg = Release|Win32
		{EDE1178E-03F1-4C37-B4CD-AE6C4F1F9CBF}.Debug|Any CPU.ActiveCfg = Debug|Win32
		{EDE1178E-03F1-4C37-B4CD-AE6C4F1F9CBF}.Debug|Mixed Platforms.ActiveCfg = Debug|Win32
		{EDE1178E-03F1-4C37-B4CD-AE6C4F1F9CBF}.Debug|Mixed Platforms.Build.0 = Debug|Win32
		{EDE1178E-03F1-4C37-B4CD-AE6C4F1F9CBF}.Debug|Win32.ActiveCfg = Debug|Win32
		{EDE1178E-03F1-4C37-B4CD-AE6C4F1F9CBF}.Debug|Win32.Build.0 = Debug|Win32
		{EDE1178E-03F1-4C37-B4CD-AE6C4F1F9CBF}.Release|Any CPU.ActiveCfg = Release|Win32
		{EDE1178E-03F1-4C37-B4CD-AE6C4F1F9CBF}.Release|Mixed Platforms.ActiveCfg = Release|Win32
		{EDE1178E-03F1-4C37-B4CD-AE6C4F1F9CBF}.Release|Win32.ActiveCfg = Release|Win32
		{EDE1178E-03F1-4C37-B4CD-AE6C4F1F9CBF}.Release|Win32.Build.0 = Release|Win32
		{148ED9FC-1540-458C-9FB6-4DAB054D13C1}.Debug|Any CPU.ActiveCfg = Debug|Win32
		{148ED9FC-1540-458C-9FB6-4DAB054D13C1}.Debug|Mixed Platforms.ActiveCfg = Debug|Win32
		{148ED9FC-1540-458C-9FB6-4DAB054D13C1}.Debug|Mixed Platforms.Build.0 = Debug|Win32
		{148ED9FC-1540-458C-9FB6-4DAB054D13C1}.Debug|Win32.ActiveCfg = Debug|Win32
		{148ED9FC-1540-458C-9FB6-4DAB054D13C1}.Debug|Win32.Build.0 = Debug|Win32
		{148ED9FC-1540-458C-9FB6-4DAB054D13C1}.Release|Any CPU.ActiveCfg = Release|Win32
		{148ED9FC-1540-458C-9FB6-4DAB054D13C1}.Release|Mixed Platforms.ActiveCfg = Release|Win32
		{148ED9FC-1540-458C-9FB6-4DAB054D13C1}.Release|Mixed Platforms.Build.0 = Release|Win32
		{148ED9FC-1540-458C-9FB6-4DAB054D13C1}.Release|Win32.ActiveCfg = Release|Win32
		{91BA38D1-9F77-4321-9856-B99F605AD8C0}.Debug|Any CPU.ActiveCfg = Debug|Win32
		{91BA38D1-9F77-4321-9856-B99F605AD8C0}.Debug|Mixed Platforms.ActiveCfg = Debug|Win32
		{91BA38D1-9F77-4321-9856-B99F605AD8C0}.Debug|Mixed Platforms.Build.0 = Debug|Win32
		{91BA38D1-9F77-4321-9856-B99F605AD8C0}.Debug|Win32.ActiveCfg = Debug|Win32
		{91BA38D1-9F77-4321-9856-B99F605AD8C0}.Debug|Win32.Build.0 = Debug|Win32
		{91BA38D1-9F77-4321-9856-B99F605AD8C0}.Release|Any CPU.ActiveCfg = Release|Win32
		{91BA38D1-9F77-4321-9856-B99F605AD8C0}.Release|Mixed Platforms.ActiveCfg = Release|Win32
		{91BA38D1-9F77-4321-9856-B99F605AD8C0}.Release|Mixed Platforms.Build.0 = Release|Win32
		{91BA38D1-9F77-4321-9856-B99F605AD8C0}.Release|Win32.ActiveCfg = Release|Win32
		{91BA38D1-9F77-4321-9856-B99F605AD8C0}.Release|Win32.Build.0 = Release|Win32
		{B6072742-F204-4789-B51B-007DDB763760}.Debug|Any CPU.ActiveCfg = Debug|Win32
		{B6072742-F204-4789-B51B-007DDB763760}.Debug|Mixed Platforms.ActiveCfg = Debug|Win32
		{B6072742-F204-4789-B51B-007DDB763760}.Debug|Mixed Platforms.Build.0 = Debug|Win32
		{B6072742-F204-4789-B51B-007DDB763760}.Debug|Win32.ActiveCfg = Debug|Win32
		{B6072742-F204-4789-B51B-007DDB763760}.Debug|Win32.Build.0 = Debug|Win32
		{B6072742-F204-4789-B51B-007DDB763760}.Release|Any CPU.ActiveCfg = Release|Win32
		{B6072742-F204-4789-B51B-007DDB763760}.Release|Mixed Platforms.ActiveCfg = Release|Win32
		{B6072742-F204-4789-B51B-007DDB763760}.Release|Mixed Platforms.Build.0 = Release|Win32
		{B6072742-F204-4789-B51B-007DDB763760}.Release|Win32.ActiveCfg = Release|Win32
		{62A9FB98-9E13-41FA-BDBB-A6ED0851D0B1}.Debug|Any CPU.ActiveCfg = Debug|Win32
		{62A9FB98-9E13-41FA-BDBB-A6ED0851D0B1}.Debug|Mixed Platforms.ActiveCfg = Debug|Win32
		{62A9FB98-9E13-41FA-BDBB-A6ED0851D0B1}.Debug|Mixed Platforms.Build.0 = Debug|Win32
		{62A9FB98-9E13-41FA-BDBB-A6ED0851D0B1}.Debug|Win32.ActiveCfg = Debug|Win32
		{62A9FB98-9E13-41FA-BDBB-A6ED0851D0B1}.Debug|Win32.Build.0 = Debug|Win32
		{62A9FB98-9E13-41FA-BDBB-A6ED0851D0B1}.Release|Any CPU.ActiveCfg = Release|Win32
		{62A9FB98-9E13-41FA-BDBB-A6ED0851D0B1}.Release|Mixed Platforms.ActiveCfg = Release|Win32
		{62A9FB98-9E13-41FA-BDBB-A6ED0851D0B1}.Release|Mixed Platforms.Build.0 = Release|Win32
		{62A9FB98-9E13-41FA-BDBB-A6ED0851D0B1}.Release|Win32.ActiveCfg = Release|Win32
		{62A9FB9B-9E13-41FA-BBBB-A6ED0851D0B1}.Debug|Any CPU.ActiveCfg = Debug|Win32
		{62A9FB9B-9E13-41FA-BBBB-A6ED0851D0B1}.Debug|Mixed Platforms.ActiveCfg = Debug|Win32
		{62A9FB9B-9E13-41FA-BBBB-A6ED0851D0B1}.Debug|Mixed Platforms.Build.0 = Debug|Win32
		{62A9FB9B-9E13-41FA-BBBB-A6ED0851D0B1}.Debug|Win32.ActiveCfg = Debug|Win32
		{62A9FB9B-9E13-41FA-BBBB-A6ED0851D0B1}.Debug|Win32.Build.0 = Debug|Win32
		{62A9FB9B-9E13-41FA-BBBB-A6ED0851D0B1}.Release|Any CPU.ActiveCfg = Release|Win32
		{62A9FB9B-9E13-41FA-BBBB-A6ED0851D0B1}.Release|Mixed Platforms.ActiveCfg = Release|Win32
		{62A9FB9B-9E13-41FA-BBBB-A6ED0851D0B1}.Release|Mixed Platforms.Build.0 = Release|Win32
		{62A9FB9B-9E13-41FA-BBBB-A6ED0851D0B1}.Release|Win32.ActiveCfg = Release|Win32
		{FCA81361-C7E0-465E-8589-834D508F0A2E}.Debug|Any CPU.ActiveCfg = Debug|Win32
		{FCA81361-C7E0-465E-8589-834D508F0A2E}.Debug|Mixed Platforms.ActiveCfg = Debug|Win32
		{FCA81361-C7E0-465E-8589-834D508F0A2E}.Debug|Mixed Platforms.Build.0 = Debug|Win32
		{FCA81361-C7E0-465E-8589-834D508F0A2E}.Debug|Win32.ActiveCfg = Debug|Win32
		{FCA81361-C7E0-465E-8589-834D508F0A2E}.Debug|Win32.Build.0 = Debug|Win32
		{FCA81361-C7E0-465E-8589-834D508F0A2E}.Release|Any CPU.ActiveCfg = Release|Win32
		{FCA81361-C7E0-465E-8589-834D508F0A2E}.Release|Mixed Platforms.ActiveCfg = Release|Win32
		{FCA81361-C7E0-465E-8589-834D508F0A2E}.Release|Mixed Platforms.Build.0 = Release|Win32
		{FCA81361-C7E0-465E-8589-834D508F0A2E}.Release|Win32.ActiveCfg = Release|Win32
		{FCA81361-C7E0-465E-8589-834D508F0A2E}.Release|Win32.Build.0 = Release|Win32
		{A8275902-9683-4756-83FC-069C8F6F756C}.Debug|Any CPU.ActiveCfg = Debug|Any CPU
		{A8275902-9683-4756-83FC-069C8F6F756C}.Debug|Any CPU.Build.0 = Debug|Any CPU
		{A8275902-9683-4756-83FC-069C8F6F756C}.Debug|Mixed Platforms.ActiveCfg = Debug|Any CPU
		{A8275902-9683-4756-83FC-069C8F6F756C}.Debug|Mixed Platforms.Build.0 = Debug|Any CPU
		{A8275902-9683-4756-83FC-069C8F6F756C}.Debug|Win32.ActiveCfg = Debug|Any CPU
		{A8275902-9683-4756-83FC-069C8F6F756C}.Debug|Win32.Build.0 = Debug|Any CPU
		{A8275902-9683-4756-83FC-069C8F6F756C}.Release|Any CPU.ActiveCfg = Release|Any CPU
		{A8275902-9683-4756-83FC-069C8F6F756C}.Release|Any CPU.Build.0 = Release|Any CPU
		{A8275902-9683-4756-83FC-069C8F6F756C}.Release|Mixed Platforms.ActiveCfg = Release|Any CPU
		{A8275902-9683-4756-83FC-069C8F6F756C}.Release|Mixed Platforms.Build.0 = Release|Any CPU
		{A8275902-9683-4756-83FC-069C8F6F756C}.Release|Win32.ActiveCfg = Release|Any CPU
		{A8275902-9683-4756-83FC-069C8F6F756C}.Release|Win32.Build.0 = Release|Any CPU
		{BD1F4E01-0F59-4281-AB54-8AC0AFF66E1D}.Debug|Any CPU.ActiveCfg = Debug|Any CPU
		{BD1F4E01-0F59-4281-AB54-8AC0AFF66E1D}.Debug|Any CPU.Build.0 = Debug|Any CPU
		{BD1F4E01-0F59-4281-AB54-8AC0AFF66E1D}.Debug|Mixed Platforms.ActiveCfg = Debug|Any CPU
		{BD1F4E01-0F59-4281-AB54-8AC0AFF66E1D}.Debug|Win32.ActiveCfg = Debug|Any CPU
		{BD1F4E01-0F59-4281-AB54-8AC0AFF66E1D}.Debug|Win32.Build.0 = Debug|Any CPU
		{BD1F4E01-0F59-4281-AB54-8AC0AFF66E1D}.Release|Any CPU.ActiveCfg = Release|Any CPU
		{BD1F4E01-0F59-4281-AB54-8AC0AFF66E1D}.Release|Any CPU.Build.0 = Release|Any CPU
		{BD1F4E01-0F59-4281-AB54-8AC0AFF66E1D}.Release|Mixed Platforms.ActiveCfg = Release|Any CPU
		{BD1F4E01-0F59-4281-AB54-8AC0AFF66E1D}.Release|Mixed Platforms.Build.0 = Release|Any CPU
		{BD1F4E01-0F59-4281-AB54-8AC0AFF66E1D}.Release|Win32.ActiveCfg = Release|Any CPU
		{BD1F4E01-0F59-4281-AB54-8AC0AFF66E1D}.Release|Win32.Build.0 = Release|Any CPU
		{AC49D994-65A6-4805-B74A-14232BA3982E}.Debug|Any CPU.ActiveCfg = Debug|Win32
		{AC49D994-65A6-4805-B74A-14232BA3982E}.Debug|Mixed Platforms.ActiveCfg = Debug|Win32
		{AC49D994-65A6-4805-B74A-14232BA3982E}.Debug|Mixed Platforms.Build.0 = Debug|Win32
		{AC49D994-65A6-4805-B74A-14232BA3982E}.Debug|Win32.ActiveCfg = Debug|Win32
		{AC49D994-65A6-4805-B74A-14232BA3982E}.Debug|Win32.Build.0 = Debug|Win32
		{AC49D994-65A6-4805-B74A-14232BA3982E}.Release|Any CPU.ActiveCfg = Release|Win32
		{AC49D994-65A6-4805-B74A-14232BA3982E}.Release|Mixed Platforms.ActiveCfg = Release|Win32
		{AC49D994-65A6-4805-B74A-14232BA3982E}.Release|Mixed Platforms.Build.0 = Release|Win32
		{AC49D994-65A6-4805-B74A-14232BA3982E}.Release|Win32.ActiveCfg = Release|Win32
		{AC49D994-65A6-4805-B74A-14232BA3982E}.Release|Win32.Build.0 = Release|Win32
		{657B21D8-D0EE-4F14-B597-A7E72FB84AEC}.Debug|Any CPU.ActiveCfg = Debug|Win32
		{657B21D8-D0EE-4F14-B597-A7E72FB84AEC}.Debug|Mixed Platforms.ActiveCfg = Debug|Win32
		{657B21D8-D0EE-4F14-B597-A7E72FB84AEC}.Debug|Win32.ActiveCfg = Debug|Win32
		{657B21D8-D0EE-4F14-B597-A7E72FB84AEC}.Release|Any CPU.ActiveCfg = Release|Win32
		{657B21D8-D0EE-4F14-B597-A7E72FB84AEC}.Release|Mixed Platforms.ActiveCfg = Release|Win32
		{657B21D8-D0EE-4F14-B597-A7E72FB84AEC}.Release|Win32.ActiveCfg = Release|Win32
		{504C6C5C-11C2-46AD-A0F3-D1E085324BFE}.Debug|Any CPU.ActiveCfg = Debug|Win32
		{504C6C5C-11C2-46AD-A0F3-D1E085324BFE}.Debug|Mixed Platforms.ActiveCfg = Debug|Win32
		{504C6C5C-11C2-46AD-A0F3-D1E085324BFE}.Debug|Win32.ActiveCfg = Debug|Win32
		{504C6C5C-11C2-46AD-A0F3-D1E085324BFE}.Release|Any CPU.ActiveCfg = Release|Win32
		{504C6C5C-11C2-46AD-A0F3-D1E085324BFE}.Release|Mixed Platforms.ActiveCfg = Release|Win32
		{504C6C5C-11C2-46AD-A0F3-D1E085324BFE}.Release|Win32.ActiveCfg = Release|Win32
		{A67E32FB-6062-46C0-BB78-24C3A62238A6}.Debug|Any CPU.ActiveCfg = Debug|Win32
		{A67E32FB-6062-46C0-BB78-24C3A62238A6}.Debug|Mixed Platforms.ActiveCfg = Debug|Win32
		{A67E32FB-6062-46C0-BB78-24C3A62238A6}.Debug|Win32.ActiveCfg = Debug|Win32
		{A67E32FB-6062-46C0-BB78-24C3A62238A6}.Release|Any CPU.ActiveCfg = Release|Win32
		{A67E32FB-6062-46C0-BB78-24C3A62238A6}.Release|Mixed Platforms.ActiveCfg = Release|Win32
		{A67E32FB-6062-46C0-BB78-24C3A62238A6}.Release|Win32.ActiveCfg = Release|Win32
		{36C5B4A0-1A60-4CD3-9087-F6CC5FB12A6D}.Debug|Any CPU.ActiveCfg = Debug|Any CPU
		{36C5B4A0-1A60-4CD3-9087-F6CC5FB12A6D}.Debug|Any CPU.Build.0 = Debug|Any CPU
		{36C5B4A0-1A60-4CD3-9087-F6CC5FB12A6D}.Debug|Mixed Platforms.ActiveCfg = Debug|Any CPU
		{36C5B4A0-1A60-4CD3-9087-F6CC5FB12A6D}.Debug|Win32.ActiveCfg = Debug|Any CPU
		{36C5B4A0-1A60-4CD3-9087-F6CC5FB12A6D}.Release|Any CPU.ActiveCfg = Release|Any CPU
		{36C5B4A0-1A60-4CD3-9087-F6CC5FB12A6D}.Release|Any CPU.Build.0 = Release|Any CPU
		{36C5B4A0-1A60-4CD3-9087-F6CC5FB12A6D}.Release|Mixed Platforms.ActiveCfg = Release|Any CPU
		{36C5B4A0-1A60-4CD3-9087-F6CC5FB12A6D}.Release|Win32.ActiveCfg = Release|Any CPU
		{966B6B53-F133-45BF-9815-5647993D3DA8}.Debug|Any CPU.ActiveCfg = Debug|Any CPU
		{966B6B53-F133-45BF-9815-5647993D3DA8}.Debug|Any CPU.Build.0 = Debug|Any CPU
		{966B6B53-F133-45BF-9815-5647993D3DA8}.Debug|Mixed Platforms.ActiveCfg = Debug|Any CPU
		{966B6B53-F133-45BF-9815-5647993D3DA8}.Debug|Win32.ActiveCfg = Debug|Any CPU
		{966B6B53-F133-45BF-9815-5647993D3DA8}.Release|Any CPU.ActiveCfg = Release|Any CPU
		{966B6B53-F133-45BF-9815-5647993D3DA8}.Release|Any CPU.Build.0 = Release|Any CPU
		{966B6B53-F133-45BF-9815-5647993D3DA8}.Release|Mixed Platforms.ActiveCfg = Release|Any CPU
		{966B6B53-F133-45BF-9815-5647993D3DA8}.Release|Win32.ActiveCfg = Release|Any CPU
		{D094D3A2-19EB-46EF-8C03-F02E80379F75}.Debug|Any CPU.ActiveCfg = Debug|Any CPU
		{D094D3A2-19EB-46EF-8C03-F02E80379F75}.Debug|Any CPU.Build.0 = Debug|Any CPU
		{D094D3A2-19EB-46EF-8C03-F02E80379F75}.Debug|Mixed Platforms.ActiveCfg = Debug|Any CPU
		{D094D3A2-19EB-46EF-8C03-F02E80379F75}.Debug|Win32.ActiveCfg = Debug|Any CPU
		{D094D3A2-19EB-46EF-8C03-F02E80379F75}.Release|Any CPU.ActiveCfg = Release|Any CPU
		{D094D3A2-19EB-46EF-8C03-F02E80379F75}.Release|Any CPU.Build.0 = Release|Any CPU
		{D094D3A2-19EB-46EF-8C03-F02E80379F75}.Release|Mixed Platforms.ActiveCfg = Release|Any CPU
		{D094D3A2-19EB-46EF-8C03-F02E80379F75}.Release|Win32.ActiveCfg = Release|Any CPU
		{1B8BCD8B-F3E9-4CFF-B122-BD9EFD5F9220}.Debug|Any CPU.ActiveCfg = Debug|Win32
		{1B8BCD8B-F3E9-4CFF-B122-BD9EFD5F9220}.Debug|Mixed Platforms.ActiveCfg = Debug|Win32
		{1B8BCD8B-F3E9-4CFF-B122-BD9EFD5F9220}.Debug|Mixed Platforms.Build.0 = Debug|Win32
		{1B8BCD8B-F3E9-4CFF-B122-BD9EFD5F9220}.Debug|Win32.ActiveCfg = Debug|Win32
		{1B8BCD8B-F3E9-4CFF-B122-BD9EFD5F9220}.Debug|Win32.Build.0 = Debug|Win32
		{1B8BCD8B-F3E9-4CFF-B122-BD9EFD5F9220}.Release|Any CPU.ActiveCfg = Release|Win32
		{1B8BCD8B-F3E9-4CFF-B122-BD9EFD5F9220}.Release|Mixed Platforms.ActiveCfg = Release|Win32
		{1B8BCD8B-F3E9-4CFF-B122-BD9EFD5F9220}.Release|Mixed Platforms.Build.0 = Release|Win32
		{1B8BCD8B-F3E9-4CFF-B122-BD9EFD5F9220}.Release|Win32.ActiveCfg = Release|Win32
		{1B8BCD8B-F3E9-4CFF-B122-BD9EFD5F9220}.Release|Win32.Build.0 = Release|Win32
		{D625D5D2-AD87-4606-8B2A-5A6967D9362A}.Debug|Any CPU.ActiveCfg = Debug|Win32
		{D625D5D2-AD87-4606-8B2A-5A6967D9362A}.Debug|Mixed Platforms.ActiveCfg = Debug|Win32
		{D625D5D2-AD87-4606-8B2A-5A6967D9362A}.Debug|Mixed Platforms.Build.0 = Debug|Win32
		{D625D5D2-AD87-4606-8B2A-5A6967D9362A}.Debug|Win32.ActiveCfg = Debug|Win32
		{D625D5D2-AD87-4606-8B2A-5A6967D9362A}.Debug|Win32.Build.0 = Debug|Win32
		{D625D5D2-AD87-4606-8B2A-5A6967D9362A}.Release|Any CPU.ActiveCfg = Release|Win32
		{D625D5D2-AD87-4606-8B2A-5A6967D9362A}.Release|Mixed Platforms.ActiveCfg = Release|Win32
		{D625D5D2-AD87-4606-8B2A-5A6967D9362A}.Release|Mixed Platforms.Build.0 = Release|Win32
		{D625D5D2-AD87-4606-8B2A-5A6967D9362A}.Release|Win32.ActiveCfg = Release|Win32
		{D625D5D2-AD87-4606-8B2A-5A6967D9362A}.Release|Win32.Build.0 = Release|Win32
		{C72BA0E2-4E4F-4D05-8FB6-DC19E661E95A}.Debug|Any CPU.ActiveCfg = Debug|Win32
		{C72BA0E2-4E4F-4D05-8FB6-DC19E661E95A}.Debug|Mixed Platforms.ActiveCfg = Debug|Win32
		{C72BA0E2-4E4F-4D05-8FB6-DC19E661E95A}.Debug|Mixed Platforms.Build.0 = Debug|Win32
		{C72BA0E2-4E4F-4D05-8FB6-DC19E661E95A}.Debug|Win32.ActiveCfg = Debug|Win32
		{C72BA0E2-4E4F-4D05-8FB6-DC19E661E95A}.Debug|Win32.Build.0 = Debug|Win32
		{C72BA0E2-4E4F-4D05-8FB6-DC19E661E95A}.Release|Any CPU.ActiveCfg = Release|Win32
		{C72BA0E2-4E4F-4D05-8FB6-DC19E661E95A}.Release|Mixed Platforms.ActiveCfg = Release|Win32
		{C72BA0E2-4E4F-4D05-8FB6-DC19E661E95A}.Release|Mixed Platforms.Build.0 = Release|Win32
		{C72BA0E2-4E4F-4D05-8FB6-DC19E661E95A}.Release|Win32.ActiveCfg = Release|Win32
		{1B8DF626-3EF8-4CF7-B015-17C02632B964}.Debug|Any CPU.ActiveCfg = Debug|Win32
		{1B8DF626-3EF8-4CF7-B015-17C02632B964}.Debug|Mixed Platforms.ActiveCfg = Debug|Win32
		{1B8DF626-3EF8-4CF7-B015-17C02632B964}.Debug|Mixed Platforms.Build.0 = Debug|Win32
		{1B8DF626-3EF8-4CF7-B015-17C02632B964}.Debug|Win32.ActiveCfg = Debug|Win32
		{1B8DF626-3EF8-4CF7-B015-17C02632B964}.Debug|Win32.Build.0 = Debug|Win32
		{1B8DF626-3EF8-4CF7-B015-17C02632B964}.Release|Any CPU.ActiveCfg = Release|Win32
		{1B8DF626-3EF8-4CF7-B015-17C02632B964}.Release|Mixed Platforms.ActiveCfg = Release|Win32
		{1B8DF626-3EF8-4CF7-B015-17C02632B964}.Release|Mixed Platforms.Build.0 = Release|Win32
		{1B8DF626-3EF8-4CF7-B015-17C02632B964}.Release|Win32.ActiveCfg = Release|Win32
		{1B8DF626-3EF8-4CF7-B015-17C02632B964}.Release|Win32.Build.0 = Release|Win32
		{C91F5F94-397F-446D-8894-0C9A8382FD89}.Debug|Any CPU.ActiveCfg = Debug|Win32
		{C91F5F94-397F-446D-8894-0C9A8382FD89}.Debug|Mixed Platforms.ActiveCfg = Debug|Win32
		{C91F5F94-397F-446D-8894-0C9A8382FD89}.Debug|Mixed Platforms.Build.0 = Debug|Win32
		{C91F5F94-397F-446D-8894-0C9A8382FD89}.Debug|Win32.ActiveCfg = Debug|Win32
		{C91F5F94-397F-446D-8894-0C9A8382FD89}.Debug|Win32.Build.0 = Debug|Win32
		{C91F5F94-397F-446D-8894-0C9A8382FD89}.Release|Any CPU.ActiveCfg = Release|Win32
		{C91F5F94-397F-446D-8894-0C9A8382FD89}.Release|Mixed Platforms.ActiveCfg = Release|Win32
		{C91F5F94-397F-446D-8894-0C9A8382FD89}.Release|Mixed Platforms.Build.0 = Release|Win32
		{C91F5F94-397F-446D-8894-0C9A8382FD89}.Release|Win32.ActiveCfg = Release|Win32
		{C91F5F94-397F-446D-8894-0C9A8382FD89}.Release|Win32.Build.0 = Release|Win32
		{8ACB71FF-2451-4B76-8448-F4B1ACEFA5DE}.Debug|Any CPU.ActiveCfg = Debug|Win32
		{8ACB71FF-2451-4B76-8448-F4B1ACEFA5DE}.Debug|Mixed Platforms.ActiveCfg = Debug|Win32
		{8ACB71FF-2451-4B76-8448-F4B1ACEFA5DE}.Debug|Mixed Platforms.Build.0 = Debug|Win32
		{8ACB71FF-2451-4B76-8448-F4B1ACEFA5DE}.Debug|Win32.ActiveCfg = Debug|Win32
		{8ACB71FF-2451-4B76-8448-F4B1ACEFA5DE}.Debug|Win32.Build.0 = Debug|Win32
		{8ACB71FF-2451-4B76-8448-F4B1ACEFA5DE}.Release|Any CPU.ActiveCfg = Release|Win32
		{8ACB71FF-2451-4B76-8448-F4B1ACEFA5DE}.Release|Mixed Platforms.ActiveCfg = Release|Win32
		{8ACB71FF-2451-4B76-8448-F4B1ACEFA5DE}.Release|Mixed Platforms.Build.0 = Release|Win32
		{8ACB71FF-2451-4B76-8448-F4B1ACEFA5DE}.Release|Win32.ActiveCfg = Release|Win32
		{59750314-2028-4933-9BE5-1CD947F93273}.Debug|Any CPU.ActiveCfg = Debug|Win32
		{59750314-2028-4933-9BE5-1CD947F93273}.Debug|Mixed Platforms.ActiveCfg = Debug|Win32
		{59750314-2028-4933-9BE5-1CD947F93273}.Debug|Mixed Platforms.Build.0 = Debug|Win32
		{59750314-2028-4933-9BE5-1CD947F93273}.Debug|Win32.ActiveCfg = Debug|Win32
		{59750314-2028-4933-9BE5-1CD947F93273}.Debug|Win32.Build.0 = Debug|Win32
		{59750314-2028-4933-9BE5-1CD947F93273}.Release|Any CPU.ActiveCfg = Release|Win32
		{59750314-2028-4933-9BE5-1CD947F93273}.Release|Mixed Platforms.ActiveCfg = Release|Win32
		{59750314-2028-4933-9BE5-1CD947F93273}.Release|Mixed Platforms.Build.0 = Release|Win32
		{59750314-2028-4933-9BE5-1CD947F93273}.Release|Win32.ActiveCfg = Release|Win32
		{59750314-2028-4933-9BE5-1CD947F93273}.Release|Win32.Build.0 = Release|Win32
		{1EFDA67D-1794-4638-9855-60068D427163}.Debug|Any CPU.ActiveCfg = Debug|Win32
		{1EFDA67D-1794-4638-9855-60068D427163}.Debug|Mixed Platforms.ActiveCfg = Debug|Win32
		{1EFDA67D-1794-4638-9855-60068D427163}.Debug|Mixed Platforms.Build.0 = Debug|Win32
		{1EFDA67D-1794-4638-9855-60068D427163}.Debug|Win32.ActiveCfg = Debug|Win32
		{1EFDA67D-1794-4638-9855-60068D427163}.Debug|Win32.Build.0 = Debug|Win32
		{1EFDA67D-1794-4638-9855-60068D427163}.Release|Any CPU.ActiveCfg = Release|Win32
		{1EFDA67D-1794-4638-9855-60068D427163}.Release|Mixed Platforms.ActiveCfg = Release|Win32
		{1EFDA67D-1794-4638-9855-60068D427163}.Release|Mixed Platforms.Build.0 = Release|Win32
		{1EFDA67D-1794-4638-9855-60068D427163}.Release|Win32.ActiveCfg = Release|Win32
		{1EFDA67D-1794-4638-9855-60068D427163}.Release|Win32.Build.0 = Release|Win32
		{BFECD0E4-5E55-4FF9-A9C9-A787F6F934BC}.Debug|Any CPU.ActiveCfg = Debug|Win32
		{BFECD0E4-5E55-4FF9-A9C9-A787F6F934BC}.Debug|Mixed Platforms.ActiveCfg = Debug|Win32
		{BFECD0E4-5E55-4FF9-A9C9-A787F6F934BC}.Debug|Mixed Platforms.Build.0 = Debug|Win32
		{BFECD0E4-5E55-4FF9-A9C9-A787F6F934BC}.Debug|Win32.ActiveCfg = Debug|Win32
		{BFECD0E4-5E55-4FF9-A9C9-A787F6F934BC}.Debug|Win32.Build.0 = Debug|Win32
		{BFECD0E4-5E55-4FF9-A9C9-A787F6F934BC}.Release|Any CPU.ActiveCfg = Release|Win32
		{BFECD0E4-5E55-4FF9-A9C9-A787F6F934BC}.Release|Mixed Platforms.ActiveCfg = Release|Win32
		{BFECD0E4-5E55-4FF9-A9C9-A787F6F934BC}.Release|Mixed Platforms.Build.0 = Release|Win32
		{BFECD0E4-5E55-4FF9-A9C9-A787F6F934BC}.Release|Win32.ActiveCfg = Release|Win32
		{BFECD0E4-5E55-4FF9-A9C9-A787F6F934BC}.Release|Win32.Build.0 = Release|Win32
	EndGlobalSection
	GlobalSection(SolutionProperties) = preSolution
		HideSolutionNode = FALSE
	EndGlobalSection
	GlobalSection(NestedProjects) = preSolution
		{DBAFE21D-B532-40D1-8816-B09D802220FB} = {06620876-4EEC-40A3-8126-8A8B65683F30}
		{6C4510CA-D4BC-4D56-B5C3-4892E0D02A5C} = {ECC68DE6-545A-4851-B130-714B0048B1A2}
		{EDE1178E-03F1-4C37-B4CD-AE6C4F1F9CBF} = {06620876-4EEC-40A3-8126-8A8B65683F30}
		{148ED9FC-1540-458C-9FB6-4DAB054D13C1} = {ECC68DE6-545A-4851-B130-714B0048B1A2}
		{B6072742-F204-4789-B51B-007DDB763760} = {ECC68DE6-545A-4851-B130-714B0048B1A2}
		{62A9FB98-9E13-41FA-BDBB-A6ED0851D0B1} = {ECC68DE6-545A-4851-B130-714B0048B1A2}
		{62A9FB9B-9E13-41FA-BBBB-A6ED0851D0B1} = {ECC68DE6-545A-4851-B130-714B0048B1A2}
		{A8275902-9683-4756-83FC-069C8F6F756C} = {D3F27EAD-3218-4C3A-87AA-7CF7938F1611}
		{BD1F4E01-0F59-4281-AB54-8AC0AFF66E1D} = {D3F27EAD-3218-4C3A-87AA-7CF7938F1611}
		{657B21D8-D0EE-4F14-B597-A7E72FB84AEC} = {8221CDB4-3F44-4369-AA7B-55F751774D25}
		{504C6C5C-11C2-46AD-A0F3-D1E085324BFE} = {8221CDB4-3F44-4369-AA7B-55F751774D25}
		{A67E32FB-6062-46C0-BB78-24C3A62238A6} = {8221CDB4-3F44-4369-AA7B-55F751774D25}
		{14282374-BD6F-4AEB-BE84-EA02134C8795} = {8221CDB4-3F44-4369-AA7B-55F751774D25}
		{36C5B4A0-1A60-4CD3-9087-F6CC5FB12A6D} = {D3F27EAD-3218-4C3A-87AA-7CF7938F1611}
		{966B6B53-F133-45BF-9815-5647993D3DA8} = {D3F27EAD-3218-4C3A-87AA-7CF7938F1611}
		{D094D3A2-19EB-46EF-8C03-F02E80379F75} = {D3F27EAD-3218-4C3A-87AA-7CF7938F1611}
		{1B8BCD8B-F3E9-4CFF-B122-BD9EFD5F9220} = {DC8E2161-99D2-4B5B-9F79-0F870694CE00}
		{D625D5D2-AD87-4606-8B2A-5A6967D9362A} = {DC8E2161-99D2-4B5B-9F79-0F870694CE00}
		{C72BA0E2-4E4F-4D05-8FB6-DC19E661E95A} = {DC8E2161-99D2-4B5B-9F79-0F870694CE00}
		{1B8DF626-3EF8-4CF7-B015-17C02632B964} = {DC8E2161-99D2-4B5B-9F79-0F870694CE00}
		{C91F5F94-397F-446D-8894-0C9A8382FD89} = {DC8E2161-99D2-4B5B-9F79-0F870694CE00}
		{8ACB71FF-2451-4B76-8448-F4B1ACEFA5DE} = {DC8E2161-99D2-4B5B-9F79-0F870694CE00}
		{59750314-2028-4933-9BE5-1CD947F93273} = {DC8E2161-99D2-4B5B-9F79-0F870694CE00}
		{1EFDA67D-1794-4638-9855-60068D427163} = {DC8E2161-99D2-4B5B-9F79-0F870694CE00}
		{BFECD0E4-5E55-4FF9-A9C9-A787F6F934BC} = {06620876-4EEC-40A3-8126-8A8B65683F30}
	EndGlobalSection
EndGlobal
